
Microsoft Visual Studio Solution File, Format Version 12.00
Project("{FAE04EC0-301F-11D3-BF4B-00C04F79EFBC}") = "DocAssistantWebApi", "DocAssistantWebApi\DocAssistantWebApi.csproj", "{C2FF1E37-ECEE-4536-9B19-F8C90C50154C}"
EndProject
Project("{FAE04EC0-301F-11D3-BF4B-00C04F79EFBC}") = "DocAssistant_Shared", "DocAssistant_Shared\DocAssistant_Shared.csproj", "{F275B6C7-5747-4DAE-B841-F585A2CB5056}"
EndProject
Project("{FAE04EC0-301F-11D3-BF4B-00C04F79EFBC}") = "DocAssistantWebApi.Tests", "DocAssistantWebApi.Tests\DocAssistantWebApi.Tests.csproj", "{F5CD6417-3963-462D-82B4-6A4C9828337C}"
EndProject
Global
	GlobalSection(SolutionConfigurationPlatforms) = preSolution
		Debug|Any CPU = Debug|Any CPU
		Release|Any CPU = Release|Any CPU
	EndGlobalSection
	GlobalSection(ProjectConfigurationPlatforms) = postSolution
		{C2FF1E37-ECEE-4536-9B19-F8C90C50154C}.Debug|Any CPU.ActiveCfg = Debug|Any CPU
		{C2FF1E37-ECEE-4536-9B19-F8C90C50154C}.Debug|Any CPU.Build.0 = Debug|Any CPU
		{C2FF1E37-ECEE-4536-9B19-F8C90C50154C}.Release|Any CPU.ActiveCfg = Release|Any CPU
		{C2FF1E37-ECEE-4536-9B19-F8C90C50154C}.Release|Any CPU.Build.0 = Release|Any CPU
		{F275B6C7-5747-4DAE-B841-F585A2CB5056}.Debug|Any CPU.ActiveCfg = Debug|Any CPU
		{F275B6C7-5747-4DAE-B841-F585A2CB5056}.Debug|Any CPU.Build.0 = Debug|Any CPU
		{F275B6C7-5747-4DAE-B841-F585A2CB5056}.Release|Any CPU.ActiveCfg = Release|Any CPU
		{F275B6C7-5747-4DAE-B841-F585A2CB5056}.Release|Any CPU.Build.0 = Release|Any CPU
		{F5CD6417-3963-462D-82B4-6A4C9828337C}.Debug|Any CPU.ActiveCfg = Debug|Any CPU
		{F5CD6417-3963-462D-82B4-6A4C9828337C}.Debug|Any CPU.Build.0 = Debug|Any CPU
		{F5CD6417-3963-462D-82B4-6A4C9828337C}.Release|Any CPU.ActiveCfg = Release|Any CPU
		{F5CD6417-3963-462D-82B4-6A4C9828337C}.Release|Any CPU.Build.0 = Release|Any CPU
	EndGlobalSection
EndGlobal
